
Microsoft Visual Studio Solution File, Format Version 12.00
# Visual Studio 2013
VisualStudioVersion = 12.0.40629.0
MinimumVisualStudioVersion = 10.0.40219.1
Project("{8BC9CEB8-8B4A-11D0-8D11-00A0C91BC942}") = "01_Util", "Core\MSVC\Util\Util.vcxproj", "{652A872D-4C4E-4A83-BDD4-60669349E1D5}"
EndProject
Project("{8BC9CEB8-8B4A-11D0-8D11-00A0C91BC942}") = "02_AI", "Core\MSVC\AI\AI.vcxproj", "{598C971E-C75A-4D50-A723-356B573D0A32}"
EndProject
Project("{8BC9CEB8-8B4A-11D0-8D11-00A0C91BC942}") = "03_Extraction", "Core\MSVC\Extraction\Extraction.vcxproj", "{D9CF92B7-E755-4739-8BF5-53465ED490B0}"
EndProject
Project("{8BC9CEB8-8B4A-11D0-8D11-00A0C91BC942}") = "05_Extraction Wrapper", "Porting\CToCSharp\Extraction Wrapper\Extraction Wrapper.vcxproj", "{F00EEC80-3A66-44B5-865C-75E4DF9CBB28}"
EndProject
Project("{8BC9CEB8-8B4A-11D0-8D11-00A0C91BC942}") = "04_Test Extraction", "Core\MSVC\Test Extraction\Test Extraction.vcxproj", "{7E180F92-A329-4756-AABE-A5104E0A9828}"
EndProject
Project("{8BC9CEB8-8B4A-11D0-8D11-00A0C91BC942}") = "06_Test Extraction Wrapper", "Porting\CToCSharp\Test Extraction Wrapper\Test Extraction Wrapper.vcxproj", "{9097AD06-413F-453F-99A0-9761C8003215}"
EndProject
Project("{FAE04EC0-301F-11D3-BF4B-00C04F79EFBC}") = "08_Object", "CSharp\Object\08_Object.csproj", "{F5490C4A-9AD7-4D9E-BFBD-C505A13A8D52}"
EndProject
Project("{FAE04EC0-301F-11D3-BF4B-00C04F79EFBC}") = "09_Model", "CSharp\Model\09_Model.csproj", "{D7CA7783-BCD0-4449-842B-B8ECDCD5DEB6}"
EndProject
Project("{FAE04EC0-301F-11D3-BF4B-00C04F79EFBC}") = "10_UC", "CSharp\UC\10_UC.csproj", "{C6597DE6-E1C3-40A9-AD27-64909802909F}"
EndProject
Project("{FAE04EC0-301F-11D3-BF4B-00C04F79EFBC}") = "11_UnitTest", "CSharp\UnitTest\11_UnitTest.csproj", "{C91F6D90-729B-4D08-9958-838BCB46008D}"
EndProject
Project("{FAE04EC0-301F-11D3-BF4B-00C04F79EFBC}") = "12_Test", "CSharp\Test\12_Test.csproj", "{0EE0DC0C-E07B-42FC-87E3-7D380DA9C982}"
EndProject
Project("{FAE04EC0-301F-11D3-BF4B-00C04F79EFBC}") = "13_View", "CSharp\View\13_View.csproj", "{59AE7F85-9D5A-4514-9DC1-F954278FC7FD}"
EndProject
Project("{2150E333-8FDC-42A3-9474-1A3956D46DE8}") = "Config", "Config", "{C6DC5B04-806C-4E7E-8A91-3CE817A954EF}"
	ProjectSection(SolutionItems) = preProject
		Core\inc\Common.h = Core\inc\Common.h
	EndProjectSection
EndProject
Project("{8BC9CEB8-8B4A-11D0-8D11-00A0C91BC942}") = "02_TestAI", "Core\MSVC\TestAI\TestAI.vcxproj", "{DCF45EC1-D217-434A-BB8B-D4C960215C46}"
EndProject
Project("{8BC9CEB8-8B4A-11D0-8D11-00A0C91BC942}") = "tinyxml", "..\Library\tinyxml\tinyxml_lib.vcxproj", "{C406DAEC-0886-4771-8DEA-9D7329B46CC1}"
EndProject
Global
	GlobalSection(SolutionConfigurationPlatforms) = preSolution
		Debug|Any CPU = Debug|Any CPU
		Debug|Mixed Platforms = Debug|Mixed Platforms
		Debug|Win32 = Debug|Win32
		DebugOpenCV|Any CPU = DebugOpenCV|Any CPU
		DebugOpenCV|Mixed Platforms = DebugOpenCV|Mixed Platforms
		DebugOpenCV|Win32 = DebugOpenCV|Win32
		DebugPortaudio|Any CPU = DebugPortaudio|Any CPU
		DebugPortaudio|Mixed Platforms = DebugPortaudio|Mixed Platforms
		DebugPortaudio|Win32 = DebugPortaudio|Win32
		DebugPortaudioOpenCV|Any CPU = DebugPortaudioOpenCV|Any CPU
		DebugPortaudioOpenCV|Mixed Platforms = DebugPortaudioOpenCV|Mixed Platforms
		DebugPortaudioOpenCV|Win32 = DebugPortaudioOpenCV|Win32
		Release|Any CPU = Release|Any CPU
		Release|Mixed Platforms = Release|Mixed Platforms
		Release|Win32 = Release|Win32
		ReleaseOpenCV|Any CPU = ReleaseOpenCV|Any CPU
		ReleaseOpenCV|Mixed Platforms = ReleaseOpenCV|Mixed Platforms
		ReleaseOpenCV|Win32 = ReleaseOpenCV|Win32
		ReleasePortaudio|Any CPU = ReleasePortaudio|Any CPU
		ReleasePortaudio|Mixed Platforms = ReleasePortaudio|Mixed Platforms
		ReleasePortaudio|Win32 = ReleasePortaudio|Win32
		ReleasePortAudioOpenCV|Any CPU = ReleasePortAudioOpenCV|Any CPU
		ReleasePortAudioOpenCV|Mixed Platforms = ReleasePortAudioOpenCV|Mixed Platforms
		ReleasePortAudioOpenCV|Win32 = ReleasePortAudioOpenCV|Win32
	EndGlobalSection
	GlobalSection(ProjectConfigurationPlatforms) = postSolution
		{652A872D-4C4E-4A83-BDD4-60669349E1D5}.Debug|Any CPU.ActiveCfg = Debug|Win32
		{652A872D-4C4E-4A83-BDD4-60669349E1D5}.Debug|Any CPU.Build.0 = Debug|Win32
		{652A872D-4C4E-4A83-BDD4-60669349E1D5}.Debug|Mixed Platforms.ActiveCfg = Debug|Win32
		{652A872D-4C4E-4A83-BDD4-60669349E1D5}.Debug|Mixed Platforms.Build.0 = Debug|Win32
		{652A872D-4C4E-4A83-BDD4-60669349E1D5}.Debug|Win32.ActiveCfg = Debug|Win32
		{652A872D-4C4E-4A83-BDD4-60669349E1D5}.Debug|Win32.Build.0 = Debug|Win32
		{652A872D-4C4E-4A83-BDD4-60669349E1D5}.DebugOpenCV|Any CPU.ActiveCfg = Debug|Win32
		{652A872D-4C4E-4A83-BDD4-60669349E1D5}.DebugOpenCV|Mixed Platforms.ActiveCfg = Debug|Win32
		{652A872D-4C4E-4A83-BDD4-60669349E1D5}.DebugOpenCV|Mixed Platforms.Build.0 = Debug|Win32
		{652A872D-4C4E-4A83-BDD4-60669349E1D5}.DebugOpenCV|Win32.ActiveCfg = Debug|Win32
		{652A872D-4C4E-4A83-BDD4-60669349E1D5}.DebugOpenCV|Win32.Build.0 = Debug|Win32
		{652A872D-4C4E-4A83-BDD4-60669349E1D5}.DebugPortaudio|Any CPU.ActiveCfg = Debug|Win32
		{652A872D-4C4E-4A83-BDD4-60669349E1D5}.DebugPortaudio|Mixed Platforms.ActiveCfg = Debug|Win32
		{652A872D-4C4E-4A83-BDD4-60669349E1D5}.DebugPortaudio|Mixed Platforms.Build.0 = Debug|Win32
		{652A872D-4C4E-4A83-BDD4-60669349E1D5}.DebugPortaudio|Win32.ActiveCfg = Debug|Win32
		{652A872D-4C4E-4A83-BDD4-60669349E1D5}.DebugPortaudio|Win32.Build.0 = Debug|Win32
		{652A872D-4C4E-4A83-BDD4-60669349E1D5}.DebugPortaudioOpenCV|Any CPU.ActiveCfg = Debug|Win32
		{652A872D-4C4E-4A83-BDD4-60669349E1D5}.DebugPortaudioOpenCV|Mixed Platforms.ActiveCfg = Debug|Win32
		{652A872D-4C4E-4A83-BDD4-60669349E1D5}.DebugPortaudioOpenCV|Mixed Platforms.Build.0 = Debug|Win32
		{652A872D-4C4E-4A83-BDD4-60669349E1D5}.DebugPortaudioOpenCV|Win32.ActiveCfg = Debug|Win32
		{652A872D-4C4E-4A83-BDD4-60669349E1D5}.DebugPortaudioOpenCV|Win32.Build.0 = Debug|Win32
		{652A872D-4C4E-4A83-BDD4-60669349E1D5}.Release|Any CPU.ActiveCfg = Release|Win32
		{652A872D-4C4E-4A83-BDD4-60669349E1D5}.Release|Mixed Platforms.ActiveCfg = Release|Win32
		{652A872D-4C4E-4A83-BDD4-60669349E1D5}.Release|Mixed Platforms.Build.0 = Release|Win32
		{652A872D-4C4E-4A83-BDD4-60669349E1D5}.Release|Win32.ActiveCfg = Release|Win32
		{652A872D-4C4E-4A83-BDD4-60669349E1D5}.Release|Win32.Build.0 = Release|Win32
		{652A872D-4C4E-4A83-BDD4-60669349E1D5}.ReleaseOpenCV|Any CPU.ActiveCfg = Release|Win32
		{652A872D-4C4E-4A83-BDD4-60669349E1D5}.ReleaseOpenCV|Mixed Platforms.ActiveCfg = Release|Win32
		{652A872D-4C4E-4A83-BDD4-60669349E1D5}.ReleaseOpenCV|Mixed Platforms.Build.0 = Release|Win32
		{652A872D-4C4E-4A83-BDD4-60669349E1D5}.ReleaseOpenCV|Win32.ActiveCfg = Release|Win32
		{652A872D-4C4E-4A83-BDD4-60669349E1D5}.ReleaseOpenCV|Win32.Build.0 = Release|Win32
		{652A872D-4C4E-4A83-BDD4-60669349E1D5}.ReleasePortaudio|Any CPU.ActiveCfg = Release|Win32
		{652A872D-4C4E-4A83-BDD4-60669349E1D5}.ReleasePortaudio|Mixed Platforms.ActiveCfg = Release|Win32
		{652A872D-4C4E-4A83-BDD4-60669349E1D5}.ReleasePortaudio|Mixed Platforms.Build.0 = Release|Win32
		{652A872D-4C4E-4A83-BDD4-60669349E1D5}.ReleasePortaudio|Win32.ActiveCfg = Release|Win32
		{652A872D-4C4E-4A83-BDD4-60669349E1D5}.ReleasePortaudio|Win32.Build.0 = Release|Win32
		{652A872D-4C4E-4A83-BDD4-60669349E1D5}.ReleasePortAudioOpenCV|Any CPU.ActiveCfg = Release|Win32
		{652A872D-4C4E-4A83-BDD4-60669349E1D5}.ReleasePortAudioOpenCV|Mixed Platforms.ActiveCfg = Release|Win32
		{652A872D-4C4E-4A83-BDD4-60669349E1D5}.ReleasePortAudioOpenCV|Mixed Platforms.Build.0 = Release|Win32
		{652A872D-4C4E-4A83-BDD4-60669349E1D5}.ReleasePortAudioOpenCV|Win32.ActiveCfg = Release|Win32
		{652A872D-4C4E-4A83-BDD4-60669349E1D5}.ReleasePortAudioOpenCV|Win32.Build.0 = Release|Win32
		{598C971E-C75A-4D50-A723-356B573D0A32}.Debug|Any CPU.ActiveCfg = Debug|Win32
		{598C971E-C75A-4D50-A723-356B573D0A32}.Debug|Any CPU.Build.0 = Debug|Win32
		{598C971E-C75A-4D50-A723-356B573D0A32}.Debug|Mixed Platforms.ActiveCfg = Debug|Win32
		{598C971E-C75A-4D50-A723-356B573D0A32}.Debug|Mixed Platforms.Build.0 = Debug|Win32
		{598C971E-C75A-4D50-A723-356B573D0A32}.Debug|Win32.ActiveCfg = Debug|Win32
		{598C971E-C75A-4D50-A723-356B573D0A32}.Debug|Win32.Build.0 = Debug|Win32
		{598C971E-C75A-4D50-A723-356B573D0A32}.DebugOpenCV|Any CPU.ActiveCfg = Debug|Win32
		{598C971E-C75A-4D50-A723-356B573D0A32}.DebugOpenCV|Mixed Platforms.ActiveCfg = Debug|Win32
		{598C971E-C75A-4D50-A723-356B573D0A32}.DebugOpenCV|Mixed Platforms.Build.0 = Debug|Win32
		{598C971E-C75A-4D50-A723-356B573D0A32}.DebugOpenCV|Win32.ActiveCfg = Debug|Win32
		{598C971E-C75A-4D50-A723-356B573D0A32}.DebugOpenCV|Win32.Build.0 = Debug|Win32
		{598C971E-C75A-4D50-A723-356B573D0A32}.DebugPortaudio|Any CPU.ActiveCfg = Debug|Win32
		{598C971E-C75A-4D50-A723-356B573D0A32}.DebugPortaudio|Mixed Platforms.ActiveCfg = Debug|Win32
		{598C971E-C75A-4D50-A723-356B573D0A32}.DebugPortaudio|Mixed Platforms.Build.0 = Debug|Win32
		{598C971E-C75A-4D50-A723-356B573D0A32}.DebugPortaudio|Win32.ActiveCfg = Debug|Win32
		{598C971E-C75A-4D50-A723-356B573D0A32}.DebugPortaudio|Win32.Build.0 = Debug|Win32
		{598C971E-C75A-4D50-A723-356B573D0A32}.DebugPortaudioOpenCV|Any CPU.ActiveCfg = Debug|Win32
		{598C971E-C75A-4D50-A723-356B573D0A32}.DebugPortaudioOpenCV|Mixed Platforms.ActiveCfg = Debug|Win32
		{598C971E-C75A-4D50-A723-356B573D0A32}.DebugPortaudioOpenCV|Mixed Platforms.Build.0 = Debug|Win32
		{598C971E-C75A-4D50-A723-356B573D0A32}.DebugPortaudioOpenCV|Win32.ActiveCfg = Debug|Win32
		{598C971E-C75A-4D50-A723-356B573D0A32}.DebugPortaudioOpenCV|Win32.Build.0 = Debug|Win32
		{598C971E-C75A-4D50-A723-356B573D0A32}.Release|Any CPU.ActiveCfg = Release|Win32
		{598C971E-C75A-4D50-A723-356B573D0A32}.Release|Mixed Platforms.ActiveCfg = Release|Win32
		{598C971E-C75A-4D50-A723-356B573D0A32}.Release|Mixed Platforms.Build.0 = Release|Win32
		{598C971E-C75A-4D50-A723-356B573D0A32}.Release|Win32.ActiveCfg = Release|Win32
		{598C971E-C75A-4D50-A723-356B573D0A32}.Release|Win32.Build.0 = Release|Win32
		{598C971E-C75A-4D50-A723-356B573D0A32}.ReleaseOpenCV|Any CPU.ActiveCfg = Release|Win32
		{598C971E-C75A-4D50-A723-356B573D0A32}.ReleaseOpenCV|Mixed Platforms.ActiveCfg = Release|Win32
		{598C971E-C75A-4D50-A723-356B573D0A32}.ReleaseOpenCV|Mixed Platforms.Build.0 = Release|Win32
		{598C971E-C75A-4D50-A723-356B573D0A32}.ReleaseOpenCV|Win32.ActiveCfg = Release|Win32
		{598C971E-C75A-4D50-A723-356B573D0A32}.ReleaseOpenCV|Win32.Build.0 = Release|Win32
		{598C971E-C75A-4D50-A723-356B573D0A32}.ReleasePortaudio|Any CPU.ActiveCfg = Release|Win32
		{598C971E-C75A-4D50-A723-356B573D0A32}.ReleasePortaudio|Mixed Platforms.ActiveCfg = Release|Win32
		{598C971E-C75A-4D50-A723-356B573D0A32}.ReleasePortaudio|Mixed Platforms.Build.0 = Release|Win32
		{598C971E-C75A-4D50-A723-356B573D0A32}.ReleasePortaudio|Win32.ActiveCfg = Release|Win32
		{598C971E-C75A-4D50-A723-356B573D0A32}.ReleasePortaudio|Win32.Build.0 = Release|Win32
		{598C971E-C75A-4D50-A723-356B573D0A32}.ReleasePortAudioOpenCV|Any CPU.ActiveCfg = Release|Win32
		{598C971E-C75A-4D50-A723-356B573D0A32}.ReleasePortAudioOpenCV|Mixed Platforms.ActiveCfg = Release|Win32
		{598C971E-C75A-4D50-A723-356B573D0A32}.ReleasePortAudioOpenCV|Mixed Platforms.Build.0 = Release|Win32
		{598C971E-C75A-4D50-A723-356B573D0A32}.ReleasePortAudioOpenCV|Win32.ActiveCfg = Release|Win32
		{598C971E-C75A-4D50-A723-356B573D0A32}.ReleasePortAudioOpenCV|Win32.Build.0 = Release|Win32
		{D9CF92B7-E755-4739-8BF5-53465ED490B0}.Debug|Any CPU.ActiveCfg = Debug|Win32
		{D9CF92B7-E755-4739-8BF5-53465ED490B0}.Debug|Any CPU.Build.0 = Debug|Win32
		{D9CF92B7-E755-4739-8BF5-53465ED490B0}.Debug|Mixed Platforms.ActiveCfg = Debug|Win32
		{D9CF92B7-E755-4739-8BF5-53465ED490B0}.Debug|Mixed Platforms.Build.0 = Debug|Win32
		{D9CF92B7-E755-4739-8BF5-53465ED490B0}.Debug|Win32.ActiveCfg = Debug|Win32
		{D9CF92B7-E755-4739-8BF5-53465ED490B0}.Debug|Win32.Build.0 = Debug|Win32
		{D9CF92B7-E755-4739-8BF5-53465ED490B0}.DebugOpenCV|Any CPU.ActiveCfg = Debug|Win32
		{D9CF92B7-E755-4739-8BF5-53465ED490B0}.DebugOpenCV|Mixed Platforms.ActiveCfg = Debug|Win32
		{D9CF92B7-E755-4739-8BF5-53465ED490B0}.DebugOpenCV|Mixed Platforms.Build.0 = Debug|Win32
		{D9CF92B7-E755-4739-8BF5-53465ED490B0}.DebugOpenCV|Win32.ActiveCfg = Debug|Win32
		{D9CF92B7-E755-4739-8BF5-53465ED490B0}.DebugOpenCV|Win32.Build.0 = Debug|Win32
		{D9CF92B7-E755-4739-8BF5-53465ED490B0}.DebugPortaudio|Any CPU.ActiveCfg = Debug|Win32
		{D9CF92B7-E755-4739-8BF5-53465ED490B0}.DebugPortaudio|Mixed Platforms.ActiveCfg = Debug|Win32
		{D9CF92B7-E755-4739-8BF5-53465ED490B0}.DebugPortaudio|Mixed Platforms.Build.0 = Debug|Win32
		{D9CF92B7-E755-4739-8BF5-53465ED490B0}.DebugPortaudio|Win32.ActiveCfg = Debug|Win32
		{D9CF92B7-E755-4739-8BF5-53465ED490B0}.DebugPortaudio|Win32.Build.0 = Debug|Win32
		{D9CF92B7-E755-4739-8BF5-53465ED490B0}.DebugPortaudioOpenCV|Any CPU.ActiveCfg = Debug|Win32
		{D9CF92B7-E755-4739-8BF5-53465ED490B0}.DebugPortaudioOpenCV|Mixed Platforms.ActiveCfg = Debug|Win32
		{D9CF92B7-E755-4739-8BF5-53465ED490B0}.DebugPortaudioOpenCV|Mixed Platforms.Build.0 = Debug|Win32
		{D9CF92B7-E755-4739-8BF5-53465ED490B0}.DebugPortaudioOpenCV|Win32.ActiveCfg = Debug|Win32
		{D9CF92B7-E755-4739-8BF5-53465ED490B0}.DebugPortaudioOpenCV|Win32.Build.0 = Debug|Win32
		{D9CF92B7-E755-4739-8BF5-53465ED490B0}.Release|Any CPU.ActiveCfg = Release|Win32
		{D9CF92B7-E755-4739-8BF5-53465ED490B0}.Release|Mixed Platforms.ActiveCfg = Release|Win32
		{D9CF92B7-E755-4739-8BF5-53465ED490B0}.Release|Mixed Platforms.Build.0 = Release|Win32
		{D9CF92B7-E755-4739-8BF5-53465ED490B0}.Release|Win32.ActiveCfg = Release|Win32
		{D9CF92B7-E755-4739-8BF5-53465ED490B0}.Release|Win32.Build.0 = Release|Win32
		{D9CF92B7-E755-4739-8BF5-53465ED490B0}.ReleaseOpenCV|Any CPU.ActiveCfg = Release|Win32
		{D9CF92B7-E755-4739-8BF5-53465ED490B0}.ReleaseOpenCV|Mixed Platforms.ActiveCfg = Release|Win32
		{D9CF92B7-E755-4739-8BF5-53465ED490B0}.ReleaseOpenCV|Mixed Platforms.Build.0 = Release|Win32
		{D9CF92B7-E755-4739-8BF5-53465ED490B0}.ReleaseOpenCV|Win32.ActiveCfg = Release|Win32
		{D9CF92B7-E755-4739-8BF5-53465ED490B0}.ReleaseOpenCV|Win32.Build.0 = Release|Win32
		{D9CF92B7-E755-4739-8BF5-53465ED490B0}.ReleasePortaudio|Any CPU.ActiveCfg = Release|Win32
		{D9CF92B7-E755-4739-8BF5-53465ED490B0}.ReleasePortaudio|Mixed Platforms.ActiveCfg = Release|Win32
		{D9CF92B7-E755-4739-8BF5-53465ED490B0}.ReleasePortaudio|Mixed Platforms.Build.0 = Release|Win32
		{D9CF92B7-E755-4739-8BF5-53465ED490B0}.ReleasePortaudio|Win32.ActiveCfg = Release|Win32
		{D9CF92B7-E755-4739-8BF5-53465ED490B0}.ReleasePortaudio|Win32.Build.0 = Release|Win32
		{D9CF92B7-E755-4739-8BF5-53465ED490B0}.ReleasePortAudioOpenCV|Any CPU.ActiveCfg = Release|Win32
		{D9CF92B7-E755-4739-8BF5-53465ED490B0}.ReleasePortAudioOpenCV|Mixed Platforms.ActiveCfg = Release|Win32
		{D9CF92B7-E755-4739-8BF5-53465ED490B0}.ReleasePortAudioOpenCV|Mixed Platforms.Build.0 = Release|Win32
		{D9CF92B7-E755-4739-8BF5-53465ED490B0}.ReleasePortAudioOpenCV|Win32.ActiveCfg = Release|Win32
		{D9CF92B7-E755-4739-8BF5-53465ED490B0}.ReleasePortAudioOpenCV|Win32.Build.0 = Release|Win32
		{F00EEC80-3A66-44B5-865C-75E4DF9CBB28}.Debug|Any CPU.ActiveCfg = Debug|Win32
		{F00EEC80-3A66-44B5-865C-75E4DF9CBB28}.Debug|Any CPU.Build.0 = Debug|Win32
		{F00EEC80-3A66-44B5-865C-75E4DF9CBB28}.Debug|Mixed Platforms.ActiveCfg = Debug|Win32
		{F00EEC80-3A66-44B5-865C-75E4DF9CBB28}.Debug|Mixed Platforms.Build.0 = Debug|Win32
		{F00EEC80-3A66-44B5-865C-75E4DF9CBB28}.Debug|Win32.ActiveCfg = Debug|Win32
		{F00EEC80-3A66-44B5-865C-75E4DF9CBB28}.Debug|Win32.Build.0 = Debug|Win32
		{F00EEC80-3A66-44B5-865C-75E4DF9CBB28}.DebugOpenCV|Any CPU.ActiveCfg = Debug|Win32
		{F00EEC80-3A66-44B5-865C-75E4DF9CBB28}.DebugOpenCV|Mixed Platforms.ActiveCfg = Debug|Win32
		{F00EEC80-3A66-44B5-865C-75E4DF9CBB28}.DebugOpenCV|Mixed Platforms.Build.0 = Debug|Win32
		{F00EEC80-3A66-44B5-865C-75E4DF9CBB28}.DebugOpenCV|Win32.ActiveCfg = Debug|Win32
		{F00EEC80-3A66-44B5-865C-75E4DF9CBB28}.DebugOpenCV|Win32.Build.0 = Debug|Win32
		{F00EEC80-3A66-44B5-865C-75E4DF9CBB28}.DebugPortaudio|Any CPU.ActiveCfg = Debug|Win32
		{F00EEC80-3A66-44B5-865C-75E4DF9CBB28}.DebugPortaudio|Mixed Platforms.ActiveCfg = Debug|Win32
		{F00EEC80-3A66-44B5-865C-75E4DF9CBB28}.DebugPortaudio|Mixed Platforms.Build.0 = Debug|Win32
		{F00EEC80-3A66-44B5-865C-75E4DF9CBB28}.DebugPortaudio|Win32.ActiveCfg = Debug|Win32
		{F00EEC80-3A66-44B5-865C-75E4DF9CBB28}.DebugPortaudio|Win32.Build.0 = Debug|Win32
		{F00EEC80-3A66-44B5-865C-75E4DF9CBB28}.DebugPortaudioOpenCV|Any CPU.ActiveCfg = Debug|Win32
		{F00EEC80-3A66-44B5-865C-75E4DF9CBB28}.DebugPortaudioOpenCV|Mixed Platforms.ActiveCfg = Debug|Win32
		{F00EEC80-3A66-44B5-865C-75E4DF9CBB28}.DebugPortaudioOpenCV|Mixed Platforms.Build.0 = Debug|Win32
		{F00EEC80-3A66-44B5-865C-75E4DF9CBB28}.DebugPortaudioOpenCV|Win32.ActiveCfg = Debug|Win32
		{F00EEC80-3A66-44B5-865C-75E4DF9CBB28}.DebugPortaudioOpenCV|Win32.Build.0 = Debug|Win32
		{F00EEC80-3A66-44B5-865C-75E4DF9CBB28}.Release|Any CPU.ActiveCfg = Release|Win32
		{F00EEC80-3A66-44B5-865C-75E4DF9CBB28}.Release|Mixed Platforms.ActiveCfg = Release|Win32
		{F00EEC80-3A66-44B5-865C-75E4DF9CBB28}.Release|Mixed Platforms.Build.0 = Release|Win32
		{F00EEC80-3A66-44B5-865C-75E4DF9CBB28}.Release|Win32.ActiveCfg = Release|Win32
		{F00EEC80-3A66-44B5-865C-75E4DF9CBB28}.Release|Win32.Build.0 = Release|Win32
		{F00EEC80-3A66-44B5-865C-75E4DF9CBB28}.ReleaseOpenCV|Any CPU.ActiveCfg = Release|Win32
		{F00EEC80-3A66-44B5-865C-75E4DF9CBB28}.ReleaseOpenCV|Mixed Platforms.ActiveCfg = Release|Win32
		{F00EEC80-3A66-44B5-865C-75E4DF9CBB28}.ReleaseOpenCV|Mixed Platforms.Build.0 = Release|Win32
		{F00EEC80-3A66-44B5-865C-75E4DF9CBB28}.ReleaseOpenCV|Win32.ActiveCfg = Release|Win32
		{F00EEC80-3A66-44B5-865C-75E4DF9CBB28}.ReleaseOpenCV|Win32.Build.0 = Release|Win32
		{F00EEC80-3A66-44B5-865C-75E4DF9CBB28}.ReleasePortaudio|Any CPU.ActiveCfg = Release|Win32
		{F00EEC80-3A66-44B5-865C-75E4DF9CBB28}.ReleasePortaudio|Mixed Platforms.ActiveCfg = Release|Win32
		{F00EEC80-3A66-44B5-865C-75E4DF9CBB28}.ReleasePortaudio|Mixed Platforms.Build.0 = Release|Win32
		{F00EEC80-3A66-44B5-865C-75E4DF9CBB28}.ReleasePortaudio|Win32.ActiveCfg = Release|Win32
		{F00EEC80-3A66-44B5-865C-75E4DF9CBB28}.ReleasePortaudio|Win32.Build.0 = Release|Win32
		{F00EEC80-3A66-44B5-865C-75E4DF9CBB28}.ReleasePortAudioOpenCV|Any CPU.ActiveCfg = Release|Win32
		{F00EEC80-3A66-44B5-865C-75E4DF9CBB28}.ReleasePortAudioOpenCV|Mixed Platforms.ActiveCfg = Release|Win32
		{F00EEC80-3A66-44B5-865C-75E4DF9CBB28}.ReleasePortAudioOpenCV|Mixed Platforms.Build.0 = Release|Win32
		{F00EEC80-3A66-44B5-865C-75E4DF9CBB28}.ReleasePortAudioOpenCV|Win32.ActiveCfg = Release|Win32
		{F00EEC80-3A66-44B5-865C-75E4DF9CBB28}.ReleasePortAudioOpenCV|Win32.Build.0 = Release|Win32
		{7E180F92-A329-4756-AABE-A5104E0A9828}.Debug|Any CPU.ActiveCfg = Debug|Win32
		{7E180F92-A329-4756-AABE-A5104E0A9828}.Debug|Any CPU.Build.0 = Debug|Win32
		{7E180F92-A329-4756-AABE-A5104E0A9828}.Debug|Mixed Platforms.ActiveCfg = Debug|Win32
		{7E180F92-A329-4756-AABE-A5104E0A9828}.Debug|Mixed Platforms.Build.0 = Debug|Win32
		{7E180F92-A329-4756-AABE-A5104E0A9828}.Debug|Win32.ActiveCfg = Debug|Win32
		{7E180F92-A329-4756-AABE-A5104E0A9828}.Debug|Win32.Build.0 = Debug|Win32
		{7E180F92-A329-4756-AABE-A5104E0A9828}.DebugOpenCV|Any CPU.ActiveCfg = Debug|Win32
		{7E180F92-A329-4756-AABE-A5104E0A9828}.DebugOpenCV|Mixed Platforms.ActiveCfg = Debug|Win32
		{7E180F92-A329-4756-AABE-A5104E0A9828}.DebugOpenCV|Mixed Platforms.Build.0 = Debug|Win32
		{7E180F92-A329-4756-AABE-A5104E0A9828}.DebugOpenCV|Win32.ActiveCfg = Debug|Win32
		{7E180F92-A329-4756-AABE-A5104E0A9828}.DebugOpenCV|Win32.Build.0 = Debug|Win32
		{7E180F92-A329-4756-AABE-A5104E0A9828}.DebugPortaudio|Any CPU.ActiveCfg = Debug|Win32
		{7E180F92-A329-4756-AABE-A5104E0A9828}.DebugPortaudio|Mixed Platforms.ActiveCfg = Debug|Win32
		{7E180F92-A329-4756-AABE-A5104E0A9828}.DebugPortaudio|Mixed Platforms.Build.0 = Debug|Win32
		{7E180F92-A329-4756-AABE-A5104E0A9828}.DebugPortaudio|Win32.ActiveCfg = Debug|Win32
		{7E180F92-A329-4756-AABE-A5104E0A9828}.DebugPortaudio|Win32.Build.0 = Debug|Win32
		{7E180F92-A329-4756-AABE-A5104E0A9828}.DebugPortaudioOpenCV|Any CPU.ActiveCfg = Debug|Win32
		{7E180F92-A329-4756-AABE-A5104E0A9828}.DebugPortaudioOpenCV|Mixed Platforms.ActiveCfg = Debug|Win32
		{7E180F92-A329-4756-AABE-A5104E0A9828}.DebugPortaudioOpenCV|Mixed Platforms.Build.0 = Debug|Win32
		{7E180F92-A329-4756-AABE-A5104E0A9828}.DebugPortaudioOpenCV|Win32.ActiveCfg = Debug|Win32
		{7E180F92-A329-4756-AABE-A5104E0A9828}.DebugPortaudioOpenCV|Win32.Build.0 = Debug|Win32
		{7E180F92-A329-4756-AABE-A5104E0A9828}.Release|Any CPU.ActiveCfg = Release|Win32
		{7E180F92-A329-4756-AABE-A5104E0A9828}.Release|Mixed Platforms.ActiveCfg = Release|Win32
		{7E180F92-A329-4756-AABE-A5104E0A9828}.Release|Mixed Platforms.Build.0 = Release|Win32
		{7E180F92-A329-4756-AABE-A5104E0A9828}.Release|Win32.ActiveCfg = Release|Win32
		{7E180F92-A329-4756-AABE-A5104E0A9828}.ReleaseOpenCV|Any CPU.ActiveCfg = Release|Win32
		{7E180F92-A329-4756-AABE-A5104E0A9828}.ReleaseOpenCV|Mixed Platforms.ActiveCfg = Release|Win32
		{7E180F92-A329-4756-AABE-A5104E0A9828}.ReleaseOpenCV|Mixed Platforms.Build.0 = Release|Win32
		{7E180F92-A329-4756-AABE-A5104E0A9828}.ReleaseOpenCV|Win32.ActiveCfg = Release|Win32
		{7E180F92-A329-4756-AABE-A5104E0A9828}.ReleaseOpenCV|Win32.Build.0 = Release|Win32
		{7E180F92-A329-4756-AABE-A5104E0A9828}.ReleasePortaudio|Any CPU.ActiveCfg = Release|Win32
		{7E180F92-A329-4756-AABE-A5104E0A9828}.ReleasePortaudio|Mixed Platforms.ActiveCfg = Release|Win32
		{7E180F92-A329-4756-AABE-A5104E0A9828}.ReleasePortaudio|Mixed Platforms.Build.0 = Release|Win32
		{7E180F92-A329-4756-AABE-A5104E0A9828}.ReleasePortaudio|Win32.ActiveCfg = Release|Win32
		{7E180F92-A329-4756-AABE-A5104E0A9828}.ReleasePortaudio|Win32.Build.0 = Release|Win32
		{7E180F92-A329-4756-AABE-A5104E0A9828}.ReleasePortAudioOpenCV|Any CPU.ActiveCfg = Release|Win32
		{7E180F92-A329-4756-AABE-A5104E0A9828}.ReleasePortAudioOpenCV|Mixed Platforms.ActiveCfg = Release|Win32
		{7E180F92-A329-4756-AABE-A5104E0A9828}.ReleasePortAudioOpenCV|Mixed Platforms.Build.0 = Release|Win32
		{7E180F92-A329-4756-AABE-A5104E0A9828}.ReleasePortAudioOpenCV|Win32.ActiveCfg = Release|Win32
		{7E180F92-A329-4756-AABE-A5104E0A9828}.ReleasePortAudioOpenCV|Win32.Build.0 = Release|Win32
		{9097AD06-413F-453F-99A0-9761C8003215}.Debug|Any CPU.ActiveCfg = Debug|Win32
		{9097AD06-413F-453F-99A0-9761C8003215}.Debug|Any CPU.Build.0 = Debug|Win32
		{9097AD06-413F-453F-99A0-9761C8003215}.Debug|Mixed Platforms.ActiveCfg = Debug|Win32
		{9097AD06-413F-453F-99A0-9761C8003215}.Debug|Mixed Platforms.Build.0 = Debug|Win32
		{9097AD06-413F-453F-99A0-9761C8003215}.Debug|Win32.ActiveCfg = Debug|Win32
		{9097AD06-413F-453F-99A0-9761C8003215}.Debug|Win32.Build.0 = Debug|Win32
		{9097AD06-413F-453F-99A0-9761C8003215}.DebugOpenCV|Any CPU.ActiveCfg = Debug|Win32
		{9097AD06-413F-453F-99A0-9761C8003215}.DebugOpenCV|Mixed Platforms.ActiveCfg = Debug|Win32
		{9097AD06-413F-453F-99A0-9761C8003215}.DebugOpenCV|Mixed Platforms.Build.0 = Debug|Win32
		{9097AD06-413F-453F-99A0-9761C8003215}.DebugOpenCV|Win32.ActiveCfg = Debug|Win32
		{9097AD06-413F-453F-99A0-9761C8003215}.DebugOpenCV|Win32.Build.0 = Debug|Win32
		{9097AD06-413F-453F-99A0-9761C8003215}.DebugPortaudio|Any CPU.ActiveCfg = Debug|Win32
		{9097AD06-413F-453F-99A0-9761C8003215}.DebugPortaudio|Mixed Platforms.ActiveCfg = Debug|Win32
		{9097AD06-413F-453F-99A0-9761C8003215}.DebugPortaudio|Mixed Platforms.Build.0 = Debug|Win32
		{9097AD06-413F-453F-99A0-9761C8003215}.DebugPortaudio|Win32.ActiveCfg = Debug|Win32
		{9097AD06-413F-453F-99A0-9761C8003215}.DebugPortaudio|Win32.Build.0 = Debug|Win32
		{9097AD06-413F-453F-99A0-9761C8003215}.DebugPortaudioOpenCV|Any CPU.ActiveCfg = Debug|Win32
		{9097AD06-413F-453F-99A0-9761C8003215}.DebugPortaudioOpenCV|Mixed Platforms.ActiveCfg = Debug|Win32
		{9097AD06-413F-453F-99A0-9761C8003215}.DebugPortaudioOpenCV|Mixed Platforms.Build.0 = Debug|Win32
		{9097AD06-413F-453F-99A0-9761C8003215}.DebugPortaudioOpenCV|Win32.ActiveCfg = Debug|Win32
		{9097AD06-413F-453F-99A0-9761C8003215}.DebugPortaudioOpenCV|Win32.Build.0 = Debug|Win32
		{9097AD06-413F-453F-99A0-9761C8003215}.Release|Any CPU.ActiveCfg = Release|Win32
		{9097AD06-413F-453F-99A0-9761C8003215}.Release|Mixed Platforms.ActiveCfg = Release|Win32
		{9097AD06-413F-453F-99A0-9761C8003215}.Release|Mixed Platforms.Build.0 = Release|Win32
		{9097AD06-413F-453F-99A0-9761C8003215}.Release|Win32.ActiveCfg = Release|Win32
		{9097AD06-413F-453F-99A0-9761C8003215}.ReleaseOpenCV|Any CPU.ActiveCfg = Release|Win32
		{9097AD06-413F-453F-99A0-9761C8003215}.ReleaseOpenCV|Mixed Platforms.ActiveCfg = Release|Win32
		{9097AD06-413F-453F-99A0-9761C8003215}.ReleaseOpenCV|Mixed Platforms.Build.0 = Release|Win32
		{9097AD06-413F-453F-99A0-9761C8003215}.ReleaseOpenCV|Win32.ActiveCfg = Release|Win32
		{9097AD06-413F-453F-99A0-9761C8003215}.ReleaseOpenCV|Win32.Build.0 = Release|Win32
		{9097AD06-413F-453F-99A0-9761C8003215}.ReleasePortaudio|Any CPU.ActiveCfg = Release|Win32
		{9097AD06-413F-453F-99A0-9761C8003215}.ReleasePortaudio|Mixed Platforms.ActiveCfg = Release|Win32
		{9097AD06-413F-453F-99A0-9761C8003215}.ReleasePortaudio|Mixed Platforms.Build.0 = Release|Win32
		{9097AD06-413F-453F-99A0-9761C8003215}.ReleasePortaudio|Win32.ActiveCfg = Release|Win32
		{9097AD06-413F-453F-99A0-9761C8003215}.ReleasePortaudio|Win32.Build.0 = Release|Win32
		{9097AD06-413F-453F-99A0-9761C8003215}.ReleasePortAudioOpenCV|Any CPU.ActiveCfg = Release|Win32
		{9097AD06-413F-453F-99A0-9761C8003215}.ReleasePortAudioOpenCV|Mixed Platforms.ActiveCfg = Release|Win32
		{9097AD06-413F-453F-99A0-9761C8003215}.ReleasePortAudioOpenCV|Mixed Platforms.Build.0 = Release|Win32
		{9097AD06-413F-453F-99A0-9761C8003215}.ReleasePortAudioOpenCV|Win32.ActiveCfg = Release|Win32
		{9097AD06-413F-453F-99A0-9761C8003215}.ReleasePortAudioOpenCV|Win32.Build.0 = Release|Win32
		{F5490C4A-9AD7-4D9E-BFBD-C505A13A8D52}.Debug|Any CPU.ActiveCfg = Debug|Any CPU
		{F5490C4A-9AD7-4D9E-BFBD-C505A13A8D52}.Debug|Any CPU.Build.0 = Debug|Any CPU
		{F5490C4A-9AD7-4D9E-BFBD-C505A13A8D52}.Debug|Mixed Platforms.ActiveCfg = Debug|Any CPU
		{F5490C4A-9AD7-4D9E-BFBD-C505A13A8D52}.Debug|Mixed Platforms.Build.0 = Debug|Any CPU
		{F5490C4A-9AD7-4D9E-BFBD-C505A13A8D52}.Debug|Win32.ActiveCfg = Debug|Any CPU
		{F5490C4A-9AD7-4D9E-BFBD-C505A13A8D52}.DebugOpenCV|Any CPU.ActiveCfg = Debug|Any CPU
		{F5490C4A-9AD7-4D9E-BFBD-C505A13A8D52}.DebugOpenCV|Any CPU.Build.0 = Debug|Any CPU
		{F5490C4A-9AD7-4D9E-BFBD-C505A13A8D52}.DebugOpenCV|Mixed Platforms.ActiveCfg = Debug|Any CPU
		{F5490C4A-9AD7-4D9E-BFBD-C505A13A8D52}.DebugOpenCV|Mixed Platforms.Build.0 = Debug|Any CPU
		{F5490C4A-9AD7-4D9E-BFBD-C505A13A8D52}.DebugOpenCV|Win32.ActiveCfg = Debug|Any CPU
		{F5490C4A-9AD7-4D9E-BFBD-C505A13A8D52}.DebugPortaudio|Any CPU.ActiveCfg = Debug|Any CPU
		{F5490C4A-9AD7-4D9E-BFBD-C505A13A8D52}.DebugPortaudio|Any CPU.Build.0 = Debug|Any CPU
		{F5490C4A-9AD7-4D9E-BFBD-C505A13A8D52}.DebugPortaudio|Mixed Platforms.ActiveCfg = Debug|Any CPU
		{F5490C4A-9AD7-4D9E-BFBD-C505A13A8D52}.DebugPortaudio|Mixed Platforms.Build.0 = Debug|Any CPU
		{F5490C4A-9AD7-4D9E-BFBD-C505A13A8D52}.DebugPortaudio|Win32.ActiveCfg = Debug|Any CPU
		{F5490C4A-9AD7-4D9E-BFBD-C505A13A8D52}.DebugPortaudioOpenCV|Any CPU.ActiveCfg = Debug|Any CPU
		{F5490C4A-9AD7-4D9E-BFBD-C505A13A8D52}.DebugPortaudioOpenCV|Any CPU.Build.0 = Debug|Any CPU
		{F5490C4A-9AD7-4D9E-BFBD-C505A13A8D52}.DebugPortaudioOpenCV|Mixed Platforms.ActiveCfg = Debug|Any CPU
		{F5490C4A-9AD7-4D9E-BFBD-C505A13A8D52}.DebugPortaudioOpenCV|Mixed Platforms.Build.0 = Debug|Any CPU
		{F5490C4A-9AD7-4D9E-BFBD-C505A13A8D52}.DebugPortaudioOpenCV|Win32.ActiveCfg = Debug|Any CPU
		{F5490C4A-9AD7-4D9E-BFBD-C505A13A8D52}.Release|Any CPU.ActiveCfg = Release|Any CPU
		{F5490C4A-9AD7-4D9E-BFBD-C505A13A8D52}.Release|Any CPU.Build.0 = Release|Any CPU
		{F5490C4A-9AD7-4D9E-BFBD-C505A13A8D52}.Release|Mixed Platforms.ActiveCfg = Release|Any CPU
		{F5490C4A-9AD7-4D9E-BFBD-C505A13A8D52}.Release|Mixed Platforms.Build.0 = Release|Any CPU
		{F5490C4A-9AD7-4D9E-BFBD-C505A13A8D52}.Release|Win32.ActiveCfg = Release|Any CPU
		{F5490C4A-9AD7-4D9E-BFBD-C505A13A8D52}.Release|Win32.Build.0 = Release|Any CPU
		{F5490C4A-9AD7-4D9E-BFBD-C505A13A8D52}.ReleaseOpenCV|Any CPU.ActiveCfg = Release|Any CPU
		{F5490C4A-9AD7-4D9E-BFBD-C505A13A8D52}.ReleaseOpenCV|Any CPU.Build.0 = Release|Any CPU
		{F5490C4A-9AD7-4D9E-BFBD-C505A13A8D52}.ReleaseOpenCV|Mixed Platforms.ActiveCfg = Release|Any CPU
		{F5490C4A-9AD7-4D9E-BFBD-C505A13A8D52}.ReleaseOpenCV|Mixed Platforms.Build.0 = Release|Any CPU
		{F5490C4A-9AD7-4D9E-BFBD-C505A13A8D52}.ReleaseOpenCV|Win32.ActiveCfg = Release|Any CPU
		{F5490C4A-9AD7-4D9E-BFBD-C505A13A8D52}.ReleasePortaudio|Any CPU.ActiveCfg = Release|Any CPU
		{F5490C4A-9AD7-4D9E-BFBD-C505A13A8D52}.ReleasePortaudio|Any CPU.Build.0 = Release|Any CPU
		{F5490C4A-9AD7-4D9E-BFBD-C505A13A8D52}.ReleasePortaudio|Mixed Platforms.ActiveCfg = Release|Any CPU
		{F5490C4A-9AD7-4D9E-BFBD-C505A13A8D52}.ReleasePortaudio|Mixed Platforms.Build.0 = Release|Any CPU
		{F5490C4A-9AD7-4D9E-BFBD-C505A13A8D52}.ReleasePortaudio|Win32.ActiveCfg = Release|Any CPU
		{F5490C4A-9AD7-4D9E-BFBD-C505A13A8D52}.ReleasePortAudioOpenCV|Any CPU.ActiveCfg = Release|Any CPU
		{F5490C4A-9AD7-4D9E-BFBD-C505A13A8D52}.ReleasePortAudioOpenCV|Any CPU.Build.0 = Release|Any CPU
		{F5490C4A-9AD7-4D9E-BFBD-C505A13A8D52}.ReleasePortAudioOpenCV|Mixed Platforms.ActiveCfg = Release|Any CPU
		{F5490C4A-9AD7-4D9E-BFBD-C505A13A8D52}.ReleasePortAudioOpenCV|Mixed Platforms.Build.0 = Release|Any CPU
		{F5490C4A-9AD7-4D9E-BFBD-C505A13A8D52}.ReleasePortAudioOpenCV|Win32.ActiveCfg = Release|Any CPU
		{D7CA7783-BCD0-4449-842B-B8ECDCD5DEB6}.Debug|Any CPU.ActiveCfg = Debug|Any CPU
		{D7CA7783-BCD0-4449-842B-B8ECDCD5DEB6}.Debug|Any CPU.Build.0 = Debug|Any CPU
		{D7CA7783-BCD0-4449-842B-B8ECDCD5DEB6}.Debug|Mixed Platforms.ActiveCfg = Debug|Any CPU
		{D7CA7783-BCD0-4449-842B-B8ECDCD5DEB6}.Debug|Mixed Platforms.Build.0 = Debug|Any CPU
		{D7CA7783-BCD0-4449-842B-B8ECDCD5DEB6}.Debug|Win32.ActiveCfg = Debug|Any CPU
		{D7CA7783-BCD0-4449-842B-B8ECDCD5DEB6}.DebugOpenCV|Any CPU.ActiveCfg = Debug|Any CPU
		{D7CA7783-BCD0-4449-842B-B8ECDCD5DEB6}.DebugOpenCV|Any CPU.Build.0 = Debug|Any CPU
		{D7CA7783-BCD0-4449-842B-B8ECDCD5DEB6}.DebugOpenCV|Mixed Platforms.ActiveCfg = Debug|Any CPU
		{D7CA7783-BCD0-4449-842B-B8ECDCD5DEB6}.DebugOpenCV|Mixed Platforms.Build.0 = Debug|Any CPU
		{D7CA7783-BCD0-4449-842B-B8ECDCD5DEB6}.DebugOpenCV|Win32.ActiveCfg = Debug|Any CPU
		{D7CA7783-BCD0-4449-842B-B8ECDCD5DEB6}.DebugPortaudio|Any CPU.ActiveCfg = Debug|Any CPU
		{D7CA7783-BCD0-4449-842B-B8ECDCD5DEB6}.DebugPortaudio|Any CPU.Build.0 = Debug|Any CPU
		{D7CA7783-BCD0-4449-842B-B8ECDCD5DEB6}.DebugPortaudio|Mixed Platforms.ActiveCfg = Debug|Any CPU
		{D7CA7783-BCD0-4449-842B-B8ECDCD5DEB6}.DebugPortaudio|Mixed Platforms.Build.0 = Debug|Any CPU
		{D7CA7783-BCD0-4449-842B-B8ECDCD5DEB6}.DebugPortaudio|Win32.ActiveCfg = Debug|Any CPU
		{D7CA7783-BCD0-4449-842B-B8ECDCD5DEB6}.DebugPortaudioOpenCV|Any CPU.ActiveCfg = Debug|Any CPU
		{D7CA7783-BCD0-4449-842B-B8ECDCD5DEB6}.DebugPortaudioOpenCV|Any CPU.Build.0 = Debug|Any CPU
		{D7CA7783-BCD0-4449-842B-B8ECDCD5DEB6}.DebugPortaudioOpenCV|Mixed Platforms.ActiveCfg = Debug|Any CPU
		{D7CA7783-BCD0-4449-842B-B8ECDCD5DEB6}.DebugPortaudioOpenCV|Mixed Platforms.Build.0 = Debug|Any CPU
		{D7CA7783-BCD0-4449-842B-B8ECDCD5DEB6}.DebugPortaudioOpenCV|Win32.ActiveCfg = Debug|Any CPU
		{D7CA7783-BCD0-4449-842B-B8ECDCD5DEB6}.Release|Any CPU.ActiveCfg = Release|Any CPU
		{D7CA7783-BCD0-4449-842B-B8ECDCD5DEB6}.Release|Any CPU.Build.0 = Release|Any CPU
		{D7CA7783-BCD0-4449-842B-B8ECDCD5DEB6}.Release|Mixed Platforms.ActiveCfg = Release|Any CPU
		{D7CA7783-BCD0-4449-842B-B8ECDCD5DEB6}.Release|Mixed Platforms.Build.0 = Release|Any CPU
		{D7CA7783-BCD0-4449-842B-B8ECDCD5DEB6}.Release|Win32.ActiveCfg = Release|Any CPU
		{D7CA7783-BCD0-4449-842B-B8ECDCD5DEB6}.Release|Win32.Build.0 = Release|Any CPU
		{D7CA7783-BCD0-4449-842B-B8ECDCD5DEB6}.ReleaseOpenCV|Any CPU.ActiveCfg = Release|Any CPU
		{D7CA7783-BCD0-4449-842B-B8ECDCD5DEB6}.ReleaseOpenCV|Any CPU.Build.0 = Release|Any CPU
		{D7CA7783-BCD0-4449-842B-B8ECDCD5DEB6}.ReleaseOpenCV|Mixed Platforms.ActiveCfg = Release|Any CPU
		{D7CA7783-BCD0-4449-842B-B8ECDCD5DEB6}.ReleaseOpenCV|Mixed Platforms.Build.0 = Release|Any CPU
		{D7CA7783-BCD0-4449-842B-B8ECDCD5DEB6}.ReleaseOpenCV|Win32.ActiveCfg = Release|Any CPU
		{D7CA7783-BCD0-4449-842B-B8ECDCD5DEB6}.ReleasePortaudio|Any CPU.ActiveCfg = Release|Any CPU
		{D7CA7783-BCD0-4449-842B-B8ECDCD5DEB6}.ReleasePortaudio|Any CPU.Build.0 = Release|Any CPU
		{D7CA7783-BCD0-4449-842B-B8ECDCD5DEB6}.ReleasePortaudio|Mixed Platforms.ActiveCfg = Release|Any CPU
		{D7CA7783-BCD0-4449-842B-B8ECDCD5DEB6}.ReleasePortaudio|Mixed Platforms.Build.0 = Release|Any CPU
		{D7CA7783-BCD0-4449-842B-B8ECDCD5DEB6}.ReleasePortaudio|Win32.ActiveCfg = Release|Any CPU
		{D7CA7783-BCD0-4449-842B-B8ECDCD5DEB6}.ReleasePortAudioOpenCV|Any CPU.ActiveCfg = Release|Any CPU
		{D7CA7783-BCD0-4449-842B-B8ECDCD5DEB6}.ReleasePortAudioOpenCV|Any CPU.Build.0 = Release|Any CPU
		{D7CA7783-BCD0-4449-842B-B8ECDCD5DEB6}.ReleasePortAudioOpenCV|Mixed Platforms.ActiveCfg = Release|Any CPU
		{D7CA7783-BCD0-4449-842B-B8ECDCD5DEB6}.ReleasePortAudioOpenCV|Mixed Platforms.Build.0 = Release|Any CPU
		{D7CA7783-BCD0-4449-842B-B8ECDCD5DEB6}.ReleasePortAudioOpenCV|Win32.ActiveCfg = Release|Any CPU
		{C6597DE6-E1C3-40A9-AD27-64909802909F}.Debug|Any CPU.ActiveCfg = Debug|Any CPU
		{C6597DE6-E1C3-40A9-AD27-64909802909F}.Debug|Any CPU.Build.0 = Debug|Any CPU
		{C6597DE6-E1C3-40A9-AD27-64909802909F}.Debug|Mixed Platforms.ActiveCfg = Debug|Any CPU
		{C6597DE6-E1C3-40A9-AD27-64909802909F}.Debug|Mixed Platforms.Build.0 = Debug|Any CPU
		{C6597DE6-E1C3-40A9-AD27-64909802909F}.Debug|Win32.ActiveCfg = Debug|Any CPU
		{C6597DE6-E1C3-40A9-AD27-64909802909F}.DebugOpenCV|Any CPU.ActiveCfg = Debug|Any CPU
		{C6597DE6-E1C3-40A9-AD27-64909802909F}.DebugOpenCV|Any CPU.Build.0 = Debug|Any CPU
		{C6597DE6-E1C3-40A9-AD27-64909802909F}.DebugOpenCV|Mixed Platforms.ActiveCfg = Debug|Any CPU
		{C6597DE6-E1C3-40A9-AD27-64909802909F}.DebugOpenCV|Mixed Platforms.Build.0 = Debug|Any CPU
		{C6597DE6-E1C3-40A9-AD27-64909802909F}.DebugOpenCV|Win32.ActiveCfg = Debug|Any CPU
		{C6597DE6-E1C3-40A9-AD27-64909802909F}.DebugPortaudio|Any CPU.ActiveCfg = Debug|Any CPU
		{C6597DE6-E1C3-40A9-AD27-64909802909F}.DebugPortaudio|Any CPU.Build.0 = Debug|Any CPU
		{C6597DE6-E1C3-40A9-AD27-64909802909F}.DebugPortaudio|Mixed Platforms.ActiveCfg = Debug|Any CPU
		{C6597DE6-E1C3-40A9-AD27-64909802909F}.DebugPortaudio|Mixed Platforms.Build.0 = Debug|Any CPU
		{C6597DE6-E1C3-40A9-AD27-64909802909F}.DebugPortaudio|Win32.ActiveCfg = Debug|Any CPU
		{C6597DE6-E1C3-40A9-AD27-64909802909F}.DebugPortaudioOpenCV|Any CPU.ActiveCfg = Debug|Any CPU
		{C6597DE6-E1C3-40A9-AD27-64909802909F}.DebugPortaudioOpenCV|Any CPU.Build.0 = Debug|Any CPU
		{C6597DE6-E1C3-40A9-AD27-64909802909F}.DebugPortaudioOpenCV|Mixed Platforms.ActiveCfg = Debug|Any CPU
		{C6597DE6-E1C3-40A9-AD27-64909802909F}.DebugPortaudioOpenCV|Mixed Platforms.Build.0 = Debug|Any CPU
		{C6597DE6-E1C3-40A9-AD27-64909802909F}.DebugPortaudioOpenCV|Win32.ActiveCfg = Debug|Any CPU
		{C6597DE6-E1C3-40A9-AD27-64909802909F}.Release|Any CPU.ActiveCfg = Release|Any CPU
		{C6597DE6-E1C3-40A9-AD27-64909802909F}.Release|Any CPU.Build.0 = Release|Any CPU
		{C6597DE6-E1C3-40A9-AD27-64909802909F}.Release|Mixed Platforms.ActiveCfg = Release|Any CPU
		{C6597DE6-E1C3-40A9-AD27-64909802909F}.Release|Mixed Platforms.Build.0 = Release|Any CPU
		{C6597DE6-E1C3-40A9-AD27-64909802909F}.Release|Win32.ActiveCfg = Release|Any CPU
		{C6597DE6-E1C3-40A9-AD27-64909802909F}.Release|Win32.Build.0 = Release|Any CPU
		{C6597DE6-E1C3-40A9-AD27-64909802909F}.ReleaseOpenCV|Any CPU.ActiveCfg = Release|Any CPU
		{C6597DE6-E1C3-40A9-AD27-64909802909F}.ReleaseOpenCV|Any CPU.Build.0 = Release|Any CPU
		{C6597DE6-E1C3-40A9-AD27-64909802909F}.ReleaseOpenCV|Mixed Platforms.ActiveCfg = Release|Any CPU
		{C6597DE6-E1C3-40A9-AD27-64909802909F}.ReleaseOpenCV|Mixed Platforms.Build.0 = Release|Any CPU
		{C6597DE6-E1C3-40A9-AD27-64909802909F}.ReleaseOpenCV|Win32.ActiveCfg = Release|Any CPU
		{C6597DE6-E1C3-40A9-AD27-64909802909F}.ReleasePortaudio|Any CPU.ActiveCfg = Release|Any CPU
		{C6597DE6-E1C3-40A9-AD27-64909802909F}.ReleasePortaudio|Any CPU.Build.0 = Release|Any CPU
		{C6597DE6-E1C3-40A9-AD27-64909802909F}.ReleasePortaudio|Mixed Platforms.ActiveCfg = Release|Any CPU
		{C6597DE6-E1C3-40A9-AD27-64909802909F}.ReleasePortaudio|Mixed Platforms.Build.0 = Release|Any CPU
		{C6597DE6-E1C3-40A9-AD27-64909802909F}.ReleasePortaudio|Win32.ActiveCfg = Release|Any CPU
		{C6597DE6-E1C3-40A9-AD27-64909802909F}.ReleasePortAudioOpenCV|Any CPU.ActiveCfg = Release|Any CPU
		{C6597DE6-E1C3-40A9-AD27-64909802909F}.ReleasePortAudioOpenCV|Any CPU.Build.0 = Release|Any CPU
		{C6597DE6-E1C3-40A9-AD27-64909802909F}.ReleasePortAudioOpenCV|Mixed Platforms.ActiveCfg = Release|Any CPU
		{C6597DE6-E1C3-40A9-AD27-64909802909F}.ReleasePortAudioOpenCV|Mixed Platforms.Build.0 = Release|Any CPU
		{C6597DE6-E1C3-40A9-AD27-64909802909F}.ReleasePortAudioOpenCV|Win32.ActiveCfg = Release|Any CPU
		{C91F6D90-729B-4D08-9958-838BCB46008D}.Debug|Any CPU.ActiveCfg = Debug|Any CPU
		{C91F6D90-729B-4D08-9958-838BCB46008D}.Debug|Any CPU.Build.0 = Debug|Any CPU
		{C91F6D90-729B-4D08-9958-838BCB46008D}.Debug|Mixed Platforms.ActiveCfg = Debug|Any CPU
		{C91F6D90-729B-4D08-9958-838BCB46008D}.Debug|Mixed Platforms.Build.0 = Debug|Any CPU
		{C91F6D90-729B-4D08-9958-838BCB46008D}.Debug|Win32.ActiveCfg = Debug|Any CPU
		{C91F6D90-729B-4D08-9958-838BCB46008D}.DebugOpenCV|Any CPU.ActiveCfg = Debug|Any CPU
		{C91F6D90-729B-4D08-9958-838BCB46008D}.DebugOpenCV|Any CPU.Build.0 = Debug|Any CPU
		{C91F6D90-729B-4D08-9958-838BCB46008D}.DebugOpenCV|Mixed Platforms.ActiveCfg = Debug|Any CPU
		{C91F6D90-729B-4D08-9958-838BCB46008D}.DebugOpenCV|Mixed Platforms.Build.0 = Debug|Any CPU
		{C91F6D90-729B-4D08-9958-838BCB46008D}.DebugOpenCV|Win32.ActiveCfg = Debug|Any CPU
		{C91F6D90-729B-4D08-9958-838BCB46008D}.DebugPortaudio|Any CPU.ActiveCfg = Debug|Any CPU
		{C91F6D90-729B-4D08-9958-838BCB46008D}.DebugPortaudio|Any CPU.Build.0 = Debug|Any CPU
		{C91F6D90-729B-4D08-9958-838BCB46008D}.DebugPortaudio|Mixed Platforms.ActiveCfg = Debug|Any CPU
		{C91F6D90-729B-4D08-9958-838BCB46008D}.DebugPortaudio|Mixed Platforms.Build.0 = Debug|Any CPU
		{C91F6D90-729B-4D08-9958-838BCB46008D}.DebugPortaudio|Win32.ActiveCfg = Debug|Any CPU
		{C91F6D90-729B-4D08-9958-838BCB46008D}.DebugPortaudioOpenCV|Any CPU.ActiveCfg = Debug|Any CPU
		{C91F6D90-729B-4D08-9958-838BCB46008D}.DebugPortaudioOpenCV|Any CPU.Build.0 = Debug|Any CPU
		{C91F6D90-729B-4D08-9958-838BCB46008D}.DebugPortaudioOpenCV|Mixed Platforms.ActiveCfg = Debug|Any CPU
		{C91F6D90-729B-4D08-9958-838BCB46008D}.DebugPortaudioOpenCV|Mixed Platforms.Build.0 = Debug|Any CPU
		{C91F6D90-729B-4D08-9958-838BCB46008D}.DebugPortaudioOpenCV|Win32.ActiveCfg = Debug|Any CPU
		{C91F6D90-729B-4D08-9958-838BCB46008D}.Release|Any CPU.ActiveCfg = Release|Any CPU
		{C91F6D90-729B-4D08-9958-838BCB46008D}.Release|Any CPU.Build.0 = Release|Any CPU
		{C91F6D90-729B-4D08-9958-838BCB46008D}.Release|Mixed Platforms.ActiveCfg = Release|Any CPU
		{C91F6D90-729B-4D08-9958-838BCB46008D}.Release|Mixed Platforms.Build.0 = Release|Any CPU
		{C91F6D90-729B-4D08-9958-838BCB46008D}.Release|Win32.ActiveCfg = Release|Any CPU
		{C91F6D90-729B-4D08-9958-838BCB46008D}.ReleaseOpenCV|Any CPU.ActiveCfg = Release|Any CPU
		{C91F6D90-729B-4D08-9958-838BCB46008D}.ReleaseOpenCV|Any CPU.Build.0 = Release|Any CPU
		{C91F6D90-729B-4D08-9958-838BCB46008D}.ReleaseOpenCV|Mixed Platforms.ActiveCfg = Release|Any CPU
		{C91F6D90-729B-4D08-9958-838BCB46008D}.ReleaseOpenCV|Mixed Platforms.Build.0 = Release|Any CPU
		{C91F6D90-729B-4D08-9958-838BCB46008D}.ReleaseOpenCV|Win32.ActiveCfg = Release|Any CPU
		{C91F6D90-729B-4D08-9958-838BCB46008D}.ReleasePortaudio|Any CPU.ActiveCfg = Release|Any CPU
		{C91F6D90-729B-4D08-9958-838BCB46008D}.ReleasePortaudio|Any CPU.Build.0 = Release|Any CPU
		{C91F6D90-729B-4D08-9958-838BCB46008D}.ReleasePortaudio|Mixed Platforms.ActiveCfg = Release|Any CPU
		{C91F6D90-729B-4D08-9958-838BCB46008D}.ReleasePortaudio|Mixed Platforms.Build.0 = Release|Any CPU
		{C91F6D90-729B-4D08-9958-838BCB46008D}.ReleasePortaudio|Win32.ActiveCfg = Release|Any CPU
		{C91F6D90-729B-4D08-9958-838BCB46008D}.ReleasePortAudioOpenCV|Any CPU.ActiveCfg = Release|Any CPU
		{C91F6D90-729B-4D08-9958-838BCB46008D}.ReleasePortAudioOpenCV|Any CPU.Build.0 = Release|Any CPU
		{C91F6D90-729B-4D08-9958-838BCB46008D}.ReleasePortAudioOpenCV|Mixed Platforms.ActiveCfg = Release|Any CPU
		{C91F6D90-729B-4D08-9958-838BCB46008D}.ReleasePortAudioOpenCV|Mixed Platforms.Build.0 = Release|Any CPU
		{C91F6D90-729B-4D08-9958-838BCB46008D}.ReleasePortAudioOpenCV|Win32.ActiveCfg = Release|Any CPU
		{0EE0DC0C-E07B-42FC-87E3-7D380DA9C982}.Debug|Any CPU.ActiveCfg = Debug|Any CPU
		{0EE0DC0C-E07B-42FC-87E3-7D380DA9C982}.Debug|Any CPU.Build.0 = Debug|Any CPU
		{0EE0DC0C-E07B-42FC-87E3-7D380DA9C982}.Debug|Mixed Platforms.ActiveCfg = Debug|Any CPU
		{0EE0DC0C-E07B-42FC-87E3-7D380DA9C982}.Debug|Mixed Platforms.Build.0 = Debug|Any CPU
		{0EE0DC0C-E07B-42FC-87E3-7D380DA9C982}.Debug|Win32.ActiveCfg = Debug|Any CPU
		{0EE0DC0C-E07B-42FC-87E3-7D380DA9C982}.DebugOpenCV|Any CPU.ActiveCfg = Debug|Any CPU
		{0EE0DC0C-E07B-42FC-87E3-7D380DA9C982}.DebugOpenCV|Any CPU.Build.0 = Debug|Any CPU
		{0EE0DC0C-E07B-42FC-87E3-7D380DA9C982}.DebugOpenCV|Mixed Platforms.ActiveCfg = Debug|Any CPU
		{0EE0DC0C-E07B-42FC-87E3-7D380DA9C982}.DebugOpenCV|Mixed Platforms.Build.0 = Debug|Any CPU
		{0EE0DC0C-E07B-42FC-87E3-7D380DA9C982}.DebugOpenCV|Win32.ActiveCfg = Debug|Any CPU
		{0EE0DC0C-E07B-42FC-87E3-7D380DA9C982}.DebugPortaudio|Any CPU.ActiveCfg = Debug|Any CPU
		{0EE0DC0C-E07B-42FC-87E3-7D380DA9C982}.DebugPortaudio|Any CPU.Build.0 = Debug|Any CPU
		{0EE0DC0C-E07B-42FC-87E3-7D380DA9C982}.DebugPortaudio|Mixed Platforms.ActiveCfg = Debug|Any CPU
		{0EE0DC0C-E07B-42FC-87E3-7D380DA9C982}.DebugPortaudio|Mixed Platforms.Build.0 = Debug|Any CPU
		{0EE0DC0C-E07B-42FC-87E3-7D380DA9C982}.DebugPortaudio|Win32.ActiveCfg = Debug|Any CPU
		{0EE0DC0C-E07B-42FC-87E3-7D380DA9C982}.DebugPortaudioOpenCV|Any CPU.ActiveCfg = Debug|Any CPU
		{0EE0DC0C-E07B-42FC-87E3-7D380DA9C982}.DebugPortaudioOpenCV|Any CPU.Build.0 = Debug|Any CPU
		{0EE0DC0C-E07B-42FC-87E3-7D380DA9C982}.DebugPortaudioOpenCV|Mixed Platforms.ActiveCfg = Debug|Any CPU
		{0EE0DC0C-E07B-42FC-87E3-7D380DA9C982}.DebugPortaudioOpenCV|Mixed Platforms.Build.0 = Debug|Any CPU
		{0EE0DC0C-E07B-42FC-87E3-7D380DA9C982}.DebugPortaudioOpenCV|Win32.ActiveCfg = Debug|Any CPU
		{0EE0DC0C-E07B-42FC-87E3-7D380DA9C982}.Release|Any CPU.ActiveCfg = Release|Any CPU
		{0EE0DC0C-E07B-42FC-87E3-7D380DA9C982}.Release|Any CPU.Build.0 = Release|Any CPU
		{0EE0DC0C-E07B-42FC-87E3-7D380DA9C982}.Release|Mixed Platforms.ActiveCfg = Release|Any CPU
		{0EE0DC0C-E07B-42FC-87E3-7D380DA9C982}.Release|Mixed Platforms.Build.0 = Release|Any CPU
		{0EE0DC0C-E07B-42FC-87E3-7D380DA9C982}.Release|Win32.ActiveCfg = Release|Any CPU
		{0EE0DC0C-E07B-42FC-87E3-7D380DA9C982}.ReleaseOpenCV|Any CPU.ActiveCfg = Release|Any CPU
		{0EE0DC0C-E07B-42FC-87E3-7D380DA9C982}.ReleaseOpenCV|Any CPU.Build.0 = Release|Any CPU
		{0EE0DC0C-E07B-42FC-87E3-7D380DA9C982}.ReleaseOpenCV|Mixed Platforms.ActiveCfg = Release|Any CPU
		{0EE0DC0C-E07B-42FC-87E3-7D380DA9C982}.ReleaseOpenCV|Mixed Platforms.Build.0 = Release|Any CPU
		{0EE0DC0C-E07B-42FC-87E3-7D380DA9C982}.ReleaseOpenCV|Win32.ActiveCfg = Release|Any CPU
		{0EE0DC0C-E07B-42FC-87E3-7D380DA9C982}.ReleasePortaudio|Any CPU.ActiveCfg = Release|Any CPU
		{0EE0DC0C-E07B-42FC-87E3-7D380DA9C982}.ReleasePortaudio|Any CPU.Build.0 = Release|Any CPU
		{0EE0DC0C-E07B-42FC-87E3-7D380DA9C982}.ReleasePortaudio|Mixed Platforms.ActiveCfg = Release|Any CPU
		{0EE0DC0C-E07B-42FC-87E3-7D380DA9C982}.ReleasePortaudio|Mixed Platforms.Build.0 = Release|Any CPU
		{0EE0DC0C-E07B-42FC-87E3-7D380DA9C982}.ReleasePortaudio|Win32.ActiveCfg = Release|Any CPU
		{0EE0DC0C-E07B-42FC-87E3-7D380DA9C982}.ReleasePortAudioOpenCV|Any CPU.ActiveCfg = Release|Any CPU
		{0EE0DC0C-E07B-42FC-87E3-7D380DA9C982}.ReleasePortAudioOpenCV|Any CPU.Build.0 = Release|Any CPU
		{0EE0DC0C-E07B-42FC-87E3-7D380DA9C982}.ReleasePortAudioOpenCV|Mixed Platforms.ActiveCfg = Release|Any CPU
		{0EE0DC0C-E07B-42FC-87E3-7D380DA9C982}.ReleasePortAudioOpenCV|Mixed Platforms.Build.0 = Release|Any CPU
		{0EE0DC0C-E07B-42FC-87E3-7D380DA9C982}.ReleasePortAudioOpenCV|Win32.ActiveCfg = Release|Any CPU
		{59AE7F85-9D5A-4514-9DC1-F954278FC7FD}.Debug|Any CPU.ActiveCfg = Debug|Any CPU
		{59AE7F85-9D5A-4514-9DC1-F954278FC7FD}.Debug|Any CPU.Build.0 = Debug|Any CPU
		{59AE7F85-9D5A-4514-9DC1-F954278FC7FD}.Debug|Mixed Platforms.ActiveCfg = Debug|Any CPU
		{59AE7F85-9D5A-4514-9DC1-F954278FC7FD}.Debug|Mixed Platforms.Build.0 = Debug|Any CPU
		{59AE7F85-9D5A-4514-9DC1-F954278FC7FD}.Debug|Win32.ActiveCfg = Debug|Any CPU
		{59AE7F85-9D5A-4514-9DC1-F954278FC7FD}.DebugOpenCV|Any CPU.ActiveCfg = Debug|Any CPU
		{59AE7F85-9D5A-4514-9DC1-F954278FC7FD}.DebugOpenCV|Any CPU.Build.0 = Debug|Any CPU
		{59AE7F85-9D5A-4514-9DC1-F954278FC7FD}.DebugOpenCV|Mixed Platforms.ActiveCfg = Debug|Any CPU
		{59AE7F85-9D5A-4514-9DC1-F954278FC7FD}.DebugOpenCV|Mixed Platforms.Build.0 = Debug|Any CPU
		{59AE7F85-9D5A-4514-9DC1-F954278FC7FD}.DebugOpenCV|Win32.ActiveCfg = Debug|Any CPU
		{59AE7F85-9D5A-4514-9DC1-F954278FC7FD}.DebugPortaudio|Any CPU.ActiveCfg = Debug|Any CPU
		{59AE7F85-9D5A-4514-9DC1-F954278FC7FD}.DebugPortaudio|Any CPU.Build.0 = Debug|Any CPU
		{59AE7F85-9D5A-4514-9DC1-F954278FC7FD}.DebugPortaudio|Mixed Platforms.ActiveCfg = Debug|Any CPU
		{59AE7F85-9D5A-4514-9DC1-F954278FC7FD}.DebugPortaudio|Mixed Platforms.Build.0 = Debug|Any CPU
		{59AE7F85-9D5A-4514-9DC1-F954278FC7FD}.DebugPortaudio|Win32.ActiveCfg = Debug|Any CPU
		{59AE7F85-9D5A-4514-9DC1-F954278FC7FD}.DebugPortaudioOpenCV|Any CPU.ActiveCfg = Debug|Any CPU
		{59AE7F85-9D5A-4514-9DC1-F954278FC7FD}.DebugPortaudioOpenCV|Any CPU.Build.0 = Debug|Any CPU
		{59AE7F85-9D5A-4514-9DC1-F954278FC7FD}.DebugPortaudioOpenCV|Mixed Platforms.ActiveCfg = Debug|Any CPU
		{59AE7F85-9D5A-4514-9DC1-F954278FC7FD}.DebugPortaudioOpenCV|Mixed Platforms.Build.0 = Debug|Any CPU
		{59AE7F85-9D5A-4514-9DC1-F954278FC7FD}.DebugPortaudioOpenCV|Win32.ActiveCfg = Debug|Any CPU
		{59AE7F85-9D5A-4514-9DC1-F954278FC7FD}.Release|Any CPU.ActiveCfg = Release|Any CPU
		{59AE7F85-9D5A-4514-9DC1-F954278FC7FD}.Release|Any CPU.Build.0 = Release|Any CPU
		{59AE7F85-9D5A-4514-9DC1-F954278FC7FD}.Release|Mixed Platforms.ActiveCfg = Release|Any CPU
		{59AE7F85-9D5A-4514-9DC1-F954278FC7FD}.Release|Mixed Platforms.Build.0 = Release|Any CPU
		{59AE7F85-9D5A-4514-9DC1-F954278FC7FD}.Release|Win32.ActiveCfg = Release|Any CPU
		{59AE7F85-9D5A-4514-9DC1-F954278FC7FD}.Release|Win32.Build.0 = Release|Any CPU
		{59AE7F85-9D5A-4514-9DC1-F954278FC7FD}.ReleaseOpenCV|Any CPU.ActiveCfg = Release|Any CPU
		{59AE7F85-9D5A-4514-9DC1-F954278FC7FD}.ReleaseOpenCV|Any CPU.Build.0 = Release|Any CPU
		{59AE7F85-9D5A-4514-9DC1-F954278FC7FD}.ReleaseOpenCV|Mixed Platforms.ActiveCfg = Release|Any CPU
		{59AE7F85-9D5A-4514-9DC1-F954278FC7FD}.ReleaseOpenCV|Mixed Platforms.Build.0 = Release|Any CPU
		{59AE7F85-9D5A-4514-9DC1-F954278FC7FD}.ReleaseOpenCV|Win32.ActiveCfg = Release|Any CPU
		{59AE7F85-9D5A-4514-9DC1-F954278FC7FD}.ReleasePortaudio|Any CPU.ActiveCfg = Release|Any CPU
		{59AE7F85-9D5A-4514-9DC1-F954278FC7FD}.ReleasePortaudio|Any CPU.Build.0 = Release|Any CPU
		{59AE7F85-9D5A-4514-9DC1-F954278FC7FD}.ReleasePortaudio|Mixed Platforms.ActiveCfg = Release|Any CPU
		{59AE7F85-9D5A-4514-9DC1-F954278FC7FD}.ReleasePortaudio|Mixed Platforms.Build.0 = Release|Any CPU
		{59AE7F85-9D5A-4514-9DC1-F954278FC7FD}.ReleasePortaudio|Win32.ActiveCfg = Release|Any CPU
		{59AE7F85-9D5A-4514-9DC1-F954278FC7FD}.ReleasePortAudioOpenCV|Any CPU.ActiveCfg = Release|Any CPU
		{59AE7F85-9D5A-4514-9DC1-F954278FC7FD}.ReleasePortAudioOpenCV|Any CPU.Build.0 = Release|Any CPU
		{59AE7F85-9D5A-4514-9DC1-F954278FC7FD}.ReleasePortAudioOpenCV|Mixed Platforms.ActiveCfg = Release|Any CPU
		{59AE7F85-9D5A-4514-9DC1-F954278FC7FD}.ReleasePortAudioOpenCV|Mixed Platforms.Build.0 = Release|Any CPU
		{59AE7F85-9D5A-4514-9DC1-F954278FC7FD}.ReleasePortAudioOpenCV|Win32.ActiveCfg = Release|Any CPU
		{DCF45EC1-D217-434A-BB8B-D4C960215C46}.Debug|Any CPU.ActiveCfg = Debug|Win32
		{DCF45EC1-D217-434A-BB8B-D4C960215C46}.Debug|Mixed Platforms.ActiveCfg = Debug|Win32
		{DCF45EC1-D217-434A-BB8B-D4C960215C46}.Debug|Mixed Platforms.Build.0 = Debug|Win32
		{DCF45EC1-D217-434A-BB8B-D4C960215C46}.Debug|Win32.ActiveCfg = Debug|Win32
		{DCF45EC1-D217-434A-BB8B-D4C960215C46}.Debug|Win32.Build.0 = Debug|Win32
		{DCF45EC1-D217-434A-BB8B-D4C960215C46}.DebugOpenCV|Any CPU.ActiveCfg = Debug|Win32
		{DCF45EC1-D217-434A-BB8B-D4C960215C46}.DebugOpenCV|Mixed Platforms.ActiveCfg = Debug|Win32
		{DCF45EC1-D217-434A-BB8B-D4C960215C46}.DebugOpenCV|Mixed Platforms.Build.0 = Debug|Win32
		{DCF45EC1-D217-434A-BB8B-D4C960215C46}.DebugOpenCV|Win32.ActiveCfg = Debug|Win32
		{DCF45EC1-D217-434A-BB8B-D4C960215C46}.DebugOpenCV|Win32.Build.0 = Debug|Win32
		{DCF45EC1-D217-434A-BB8B-D4C960215C46}.DebugPortaudio|Any CPU.ActiveCfg = Debug|Win32
		{DCF45EC1-D217-434A-BB8B-D4C960215C46}.DebugPortaudio|Mixed Platforms.ActiveCfg = Debug|Win32
		{DCF45EC1-D217-434A-BB8B-D4C960215C46}.DebugPortaudio|Mixed Platforms.Build.0 = Debug|Win32
		{DCF45EC1-D217-434A-BB8B-D4C960215C46}.DebugPortaudio|Win32.ActiveCfg = Debug|Win32
		{DCF45EC1-D217-434A-BB8B-D4C960215C46}.DebugPortaudio|Win32.Build.0 = Debug|Win32
		{DCF45EC1-D217-434A-BB8B-D4C960215C46}.DebugPortaudioOpenCV|Any CPU.ActiveCfg = Debug|Win32
		{DCF45EC1-D217-434A-BB8B-D4C960215C46}.DebugPortaudioOpenCV|Mixed Platforms.ActiveCfg = Debug|Win32
		{DCF45EC1-D217-434A-BB8B-D4C960215C46}.DebugPortaudioOpenCV|Mixed Platforms.Build.0 = Debug|Win32
		{DCF45EC1-D217-434A-BB8B-D4C960215C46}.DebugPortaudioOpenCV|Win32.ActiveCfg = Debug|Win32
		{DCF45EC1-D217-434A-BB8B-D4C960215C46}.DebugPortaudioOpenCV|Win32.Build.0 = Debug|Win32
		{DCF45EC1-D217-434A-BB8B-D4C960215C46}.Release|Any CPU.ActiveCfg = Release|Win32
		{DCF45EC1-D217-434A-BB8B-D4C960215C46}.Release|Mixed Platforms.ActiveCfg = Release|Win32
		{DCF45EC1-D217-434A-BB8B-D4C960215C46}.Release|Mixed Platforms.Build.0 = Release|Win32
		{DCF45EC1-D217-434A-BB8B-D4C960215C46}.Release|Win32.ActiveCfg = Release|Win32
		{DCF45EC1-D217-434A-BB8B-D4C960215C46}.ReleaseOpenCV|Any CPU.ActiveCfg = Release|Win32
		{DCF45EC1-D217-434A-BB8B-D4C960215C46}.ReleaseOpenCV|Mixed Platforms.ActiveCfg = Release|Win32
		{DCF45EC1-D217-434A-BB8B-D4C960215C46}.ReleaseOpenCV|Mixed Platforms.Build.0 = Release|Win32
		{DCF45EC1-D217-434A-BB8B-D4C960215C46}.ReleaseOpenCV|Win32.ActiveCfg = Release|Win32
		{DCF45EC1-D217-434A-BB8B-D4C960215C46}.ReleaseOpenCV|Win32.Build.0 = Release|Win32
		{DCF45EC1-D217-434A-BB8B-D4C960215C46}.ReleasePortaudio|Any CPU.ActiveCfg = Release|Win32
		{DCF45EC1-D217-434A-BB8B-D4C960215C46}.ReleasePortaudio|Mixed Platforms.ActiveCfg = Release|Win32
		{DCF45EC1-D217-434A-BB8B-D4C960215C46}.ReleasePortaudio|Mixed Platforms.Build.0 = Release|Win32
		{DCF45EC1-D217-434A-BB8B-D4C960215C46}.ReleasePortaudio|Win32.ActiveCfg = Release|Win32
		{DCF45EC1-D217-434A-BB8B-D4C960215C46}.ReleasePortaudio|Win32.Build.0 = Release|Win32
		{DCF45EC1-D217-434A-BB8B-D4C960215C46}.ReleasePortAudioOpenCV|Any CPU.ActiveCfg = Release|Win32
		{DCF45EC1-D217-434A-BB8B-D4C960215C46}.ReleasePortAudioOpenCV|Mixed Platforms.ActiveCfg = Release|Win32
		{DCF45EC1-D217-434A-BB8B-D4C960215C46}.ReleasePortAudioOpenCV|Mixed Platforms.Build.0 = Release|Win32
		{DCF45EC1-D217-434A-BB8B-D4C960215C46}.ReleasePortAudioOpenCV|Win32.ActiveCfg = Release|Win32
		{DCF45EC1-D217-434A-BB8B-D4C960215C46}.ReleasePortAudioOpenCV|Win32.Build.0 = Release|Win32
		{C406DAEC-0886-4771-8DEA-9D7329B46CC1}.Debug|Any CPU.ActiveCfg = Debug|Win32
		{C406DAEC-0886-4771-8DEA-9D7329B46CC1}.Debug|Mixed Platforms.ActiveCfg = Debug|Win32
		{C406DAEC-0886-4771-8DEA-9D7329B46CC1}.Debug|Mixed Platforms.Build.0 = Debug|Win32
		{C406DAEC-0886-4771-8DEA-9D7329B46CC1}.Debug|Win32.ActiveCfg = Debug|Win32
		{C406DAEC-0886-4771-8DEA-9D7329B46CC1}.Debug|Win32.Build.0 = Debug|Win32
		{C406DAEC-0886-4771-8DEA-9D7329B46CC1}.DebugOpenCV|Any CPU.ActiveCfg = Debug|Win32
		{C406DAEC-0886-4771-8DEA-9D7329B46CC1}.DebugOpenCV|Mixed Platforms.ActiveCfg = Debug|Win32
		{C406DAEC-0886-4771-8DEA-9D7329B46CC1}.DebugOpenCV|Mixed Platforms.Build.0 = Debug|Win32
		{C406DAEC-0886-4771-8DEA-9D7329B46CC1}.DebugOpenCV|Win32.ActiveCfg = Debug|Win32
		{C406DAEC-0886-4771-8DEA-9D7329B46CC1}.DebugOpenCV|Win32.Build.0 = Debug|Win32
		{C406DAEC-0886-4771-8DEA-9D7329B46CC1}.DebugPortaudio|Any CPU.ActiveCfg = Debug|Win32
		{C406DAEC-0886-4771-8DEA-9D7329B46CC1}.DebugPortaudio|Mixed Platforms.ActiveCfg = Debug|Win32
		{C406DAEC-0886-4771-8DEA-9D7329B46CC1}.DebugPortaudio|Mixed Platforms.Build.0 = Debug|Win32
		{C406DAEC-0886-4771-8DEA-9D7329B46CC1}.DebugPortaudio|Win32.ActiveCfg = Debug|Win32
		{C406DAEC-0886-4771-8DEA-9D7329B46CC1}.DebugPortaudio|Win32.Build.0 = Debug|Win32
		{C406DAEC-0886-4771-8DEA-9D7329B46CC1}.DebugPortaudioOpenCV|Any CPU.ActiveCfg = Debug|Win32
		{C406DAEC-0886-4771-8DEA-9D7329B46CC1}.DebugPortaudioOpenCV|Mixed Platforms.ActiveCfg = Debug|Win32
		{C406DAEC-0886-4771-8DEA-9D7329B46CC1}.DebugPortaudioOpenCV|Mixed Platforms.Build.0 = Debug|Win32
		{C406DAEC-0886-4771-8DEA-9D7329B46CC1}.DebugPortaudioOpenCV|Win32.ActiveCfg = Debug|Win32
		{C406DAEC-0886-4771-8DEA-9D7329B46CC1}.DebugPortaudioOpenCV|Win32.Build.0 = Debug|Win32
		{C406DAEC-0886-4771-8DEA-9D7329B46CC1}.Release|Any CPU.ActiveCfg = Release|Win32
		{C406DAEC-0886-4771-8DEA-9D7329B46CC1}.Release|Mixed Platforms.ActiveCfg = Release|Win32
		{C406DAEC-0886-4771-8DEA-9D7329B46CC1}.Release|Mixed Platforms.Build.0 = Release|Win32
		{C406DAEC-0886-4771-8DEA-9D7329B46CC1}.Release|Win32.ActiveCfg = Release|Win32
		{C406DAEC-0886-4771-8DEA-9D7329B46CC1}.Release|Win32.Build.0 = Release|Win32
		{C406DAEC-0886-4771-8DEA-9D7329B46CC1}.ReleaseOpenCV|Any CPU.ActiveCfg = Release|Win32
		{C406DAEC-0886-4771-8DEA-9D7329B46CC1}.ReleaseOpenCV|Mixed Platforms.ActiveCfg = Release|Win32
		{C406DAEC-0886-4771-8DEA-9D7329B46CC1}.ReleaseOpenCV|Mixed Platforms.Build.0 = Release|Win32
		{C406DAEC-0886-4771-8DEA-9D7329B46CC1}.ReleaseOpenCV|Win32.ActiveCfg = Release|Win32
		{C406DAEC-0886-4771-8DEA-9D7329B46CC1}.ReleaseOpenCV|Win32.Build.0 = Release|Win32
		{C406DAEC-0886-4771-8DEA-9D7329B46CC1}.ReleasePortaudio|Any CPU.ActiveCfg = Release|Win32
		{C406DAEC-0886-4771-8DEA-9D7329B46CC1}.ReleasePortaudio|Mixed Platforms.ActiveCfg = Release|Win32
		{C406DAEC-0886-4771-8DEA-9D7329B46CC1}.ReleasePortaudio|Mixed Platforms.Build.0 = Release|Win32
		{C406DAEC-0886-4771-8DEA-9D7329B46CC1}.ReleasePortaudio|Win32.ActiveCfg = Release|Win32
		{C406DAEC-0886-4771-8DEA-9D7329B46CC1}.ReleasePortaudio|Win32.Build.0 = Release|Win32
		{C406DAEC-0886-4771-8DEA-9D7329B46CC1}.ReleasePortAudioOpenCV|Any CPU.ActiveCfg = Release|Win32
		{C406DAEC-0886-4771-8DEA-9D7329B46CC1}.ReleasePortAudioOpenCV|Mixed Platforms.ActiveCfg = Release|Win32
		{C406DAEC-0886-4771-8DEA-9D7329B46CC1}.ReleasePortAudioOpenCV|Mixed Platforms.Build.0 = Release|Win32
		{C406DAEC-0886-4771-8DEA-9D7329B46CC1}.ReleasePortAudioOpenCV|Win32.ActiveCfg = Release|Win32
		{C406DAEC-0886-4771-8DEA-9D7329B46CC1}.ReleasePortAudioOpenCV|Win32.Build.0 = Release|Win32
	EndGlobalSection
	GlobalSection(SolutionProperties) = preSolution
		HideSolutionNode = FALSE
	EndGlobalSection
EndGlobal
